// !$*UTF8*$!
{
	archiveVersion = 1;
	classes = {
	};
	objectVersion = 52;
	objects = {

/* Begin PBXBuildFile section */
		CE09D48C2697544400EEBF01 /* SettingsViewController.swift in Sources */ = {isa = PBXBuildFile; fileRef = CE09D48B2697544400EEBF01 /* SettingsViewController.swift */; };
		CE103A9726AF038D00064D42 /* PremiumView.swift in Sources */ = {isa = PBXBuildFile; fileRef = CE103A9626AF038D00064D42 /* PremiumView.swift */; };
		CE10E02B2704984300F5BF52 /* MenuView.swift in Sources */ = {isa = PBXBuildFile; fileRef = CE10E02A2704984300F5BF52 /* MenuView.swift */; };
		CE13C6D52710A1FA00DA888A /* RoomTableViewCell.swift in Sources */ = {isa = PBXBuildFile; fileRef = CE13C6D42710A1FA00DA888A /* RoomTableViewCell.swift */; };
		CE13C6D82710A6F600DA888A /* SnackBar in Frameworks */ = {isa = PBXBuildFile; productRef = CE13C6D72710A6F600DA888A /* SnackBar */; };
		CE13C6DB2710A71A00DA888A /* SnackBar.swift in Sources */ = {isa = PBXBuildFile; fileRef = CE13C6DA2710A71A00DA888A /* SnackBar.swift */; };
		CE1BE5542765232000E0BE9C /* SettingsView.swift in Sources */ = {isa = PBXBuildFile; fileRef = CE1BE5532765232000E0BE9C /* SettingsView.swift */; };
		CE3042CE27708ED90068EBC0 /* StartOnlineGameViewController.swift in Sources */ = {isa = PBXBuildFile; fileRef = CE3042CD27708ED90068EBC0 /* StartOnlineGameViewController.swift */; };
		CE3042D02770E00C0068EBC0 /* ChessWebsocket.swift in Sources */ = {isa = PBXBuildFile; fileRef = CE3042CF2770E00B0068EBC0 /* ChessWebsocket.swift */; };
		CE3042D32770E0420068EBC0 /* Starscream in Frameworks */ = {isa = PBXBuildFile; productRef = CE3042D22770E0420068EBC0 /* Starscream */; };
		CE3042D52770F8970068EBC0 /* KeyboardLayoutConstraint.swift in Sources */ = {isa = PBXBuildFile; fileRef = CE3042D42770F8960068EBC0 /* KeyboardLayoutConstraint.swift */; };
		CE3042DE27720CE00068EBC0 /* SwiftMessages in Frameworks */ = {isa = PBXBuildFile; productRef = CE3042DD27720CE00068EBC0 /* SwiftMessages */; };
		CE3042E027720D620068EBC0 /* EnjoymentView.swift in Sources */ = {isa = PBXBuildFile; fileRef = CE3042DF27720D620068EBC0 /* EnjoymentView.swift */; };
		CE3042E227720E7E0068EBC0 /* EnjoymentView.xib in Resources */ = {isa = PBXBuildFile; fileRef = CE3042E127720E7E0068EBC0 /* EnjoymentView.xib */; };
		CE30D8CA269F8E170005B343 /* BoardScene.swift in Sources */ = {isa = PBXBuildFile; fileRef = CE30D8C9269F8E170005B343 /* BoardScene.swift */; };
		CE5831F727073E4C00385F73 /* ChessAPIModels.swift in Sources */ = {isa = PBXBuildFile; fileRef = CE5831F627073E4C00385F73 /* ChessAPIModels.swift */; };
		CE5831F927073E8400385F73 /* ChessAPI.swift in Sources */ = {isa = PBXBuildFile; fileRef = CE5831F827073E8400385F73 /* ChessAPI.swift */; };
		CE5F186126C5787300983603 /* PGNParser.swift in Sources */ = {isa = PBXBuildFile; fileRef = CE5F186026C5787300983603 /* PGNParser.swift */; };
		CE60B5F3276650BB00D719C8 /* BoardView.swift in Sources */ = {isa = PBXBuildFile; fileRef = CE60B5F2276650BB00D719C8 /* BoardView.swift */; };
		CE60B5F52766518F00D719C8 /* BoardControlsView.swift in Sources */ = {isa = PBXBuildFile; fileRef = CE60B5F42766518F00D719C8 /* BoardControlsView.swift */; };
		CE60B5F7276749B500D719C8 /* Extensions.swift in Sources */ = {isa = PBXBuildFile; fileRef = CE60B5F6276749B500D719C8 /* Extensions.swift */; };
		CE61EE8E26B0544200531FBF /* BuyButton.swift in Sources */ = {isa = PBXBuildFile; fileRef = CE61EE8D26B0544200531FBF /* BuyButton.swift */; };
		CE77AD2527117AF500511326 /* WaitingViewController.swift in Sources */ = {isa = PBXBuildFile; fileRef = CE77AD2427117AF500511326 /* WaitingViewController.swift */; };
		CE966AA4276255DE00965991 /* GameView.swift in Sources */ = {isa = PBXBuildFile; fileRef = CE966AA3276255DE00965991 /* GameView.swift */; };
		CEA71E4E261A039E00FD02F5 /* AppDelegate.swift in Sources */ = {isa = PBXBuildFile; fileRef = CEA71E4D261A039E00FD02F5 /* AppDelegate.swift */; };
		CEA71E50261A039F00FD02F5 /* BoardScene.sks in Resources */ = {isa = PBXBuildFile; fileRef = CEA71E4F261A039F00FD02F5 /* BoardScene.sks */; };
		CEA71E56261A039F00FD02F5 /* GameViewController.swift in Sources */ = {isa = PBXBuildFile; fileRef = CEA71E55261A039F00FD02F5 /* GameViewController.swift */; };
		CEA71E59261A039F00FD02F5 /* Main.storyboard in Resources */ = {isa = PBXBuildFile; fileRef = CEA71E57261A039F00FD02F5 /* Main.storyboard */; };
		CEA71E5B261A03A000FD02F5 /* Assets.xcassets in Resources */ = {isa = PBXBuildFile; fileRef = CEA71E5A261A03A000FD02F5 /* Assets.xcassets */; };
		CEA71E64261A06D300FD02F5 /* Launch Screen.storyboard in Resources */ = {isa = PBXBuildFile; fileRef = CEA71E63261A06D300FD02F5 /* Launch Screen.storyboard */; };
		CEA71E68261A36AF00FD02F5 /* ChessLogic.swift in Sources */ = {isa = PBXBuildFile; fileRef = CEA71E67261A36AF00FD02F5 /* ChessLogic.swift */; };
		CEACA048270ADF8600364074 /* RoomsViewController.swift in Sources */ = {isa = PBXBuildFile; fileRef = CEACA047270ADF8600364074 /* RoomsViewController.swift */; };
		CEAD174D261C495500F91647 /* ChessPiecePlace.wav in Resources */ = {isa = PBXBuildFile; fileRef = CEAD174C261C495500F91647 /* ChessPiecePlace.wav */; };
		CEAD1755261C4DD400F91647 /* CheckSound2.wav in Resources */ = {isa = PBXBuildFile; fileRef = CEAD1754261C4DD400F91647 /* CheckSound2.wav */; };
		CEAD1758261C4DD900F91647 /* CheckSound3.wav in Resources */ = {isa = PBXBuildFile; fileRef = CEAD1757261C4DD900F91647 /* CheckSound3.wav */; };
		CEAD175D261C7B7200F91647 /* knight.png in Resources */ = {isa = PBXBuildFile; fileRef = CEAD175C261C7B7200F91647 /* knight.png */; };
		CEBD758426B06C200027FB09 /* SwiftyStoreKit in Frameworks */ = {isa = PBXBuildFile; productRef = CEBD758326B06C200027FB09 /* SwiftyStoreKit */; };
		CEBD758926B0843F0027FB09 /* StoreKit.framework in Frameworks */ = {isa = PBXBuildFile; fileRef = CEBD758826B0843F0027FB09 /* StoreKit.framework */; };
		CEBD758C26B0849A0027FB09 /* StoreManager.swift in Sources */ = {isa = PBXBuildFile; fileRef = CEBD758B26B0849A0027FB09 /* StoreManager.swift */; };
		CEBD758E26B0DA180027FB09 /* FeatureListItem.swift in Sources */ = {isa = PBXBuildFile; fileRef = CEBD758D26B0DA180027FB09 /* FeatureListItem.swift */; };
		CEC7C30426B489D000BC50AA /* ClockSwitched.wav in Resources */ = {isa = PBXBuildFile; fileRef = CEC7C30326B489D000BC50AA /* ClockSwitched.wav */; };
		CED29C162705E032000F4518 /* MenuButton.swift in Sources */ = {isa = PBXBuildFile; fileRef = CED29C152705E032000F4518 /* MenuButton.swift */; };
		CEEFF16E269F14600011A674 /* ChessGame.swift in Sources */ = {isa = PBXBuildFile; fileRef = CEEFF16D269F14600011A674 /* ChessGame.swift */; };
		CEF02BE826DFE68000D86D11 /* CrashHistory.json in Resources */ = {isa = PBXBuildFile; fileRef = CEF02BE726DFE68000D86D11 /* CrashHistory.json */; };
		CEF6D519269B892E0071B40A /* SceneDelegate.swift in Sources */ = {isa = PBXBuildFile; fileRef = CEF6D518269B892E0071B40A /* SceneDelegate.swift */; };
		CEFA6EA126AB338300DD6549 /* ChessLogicModels.swift in Sources */ = {isa = PBXBuildFile; fileRef = CEFA6EA026AB338300DD6549 /* ChessLogicModels.swift */; };
/* End PBXBuildFile section */

/* Begin PBXFileReference section */
		CE09D48B2697544400EEBF01 /* SettingsViewController.swift */ = {isa = PBXFileReference; lastKnownFileType = sourcecode.swift; path = SettingsViewController.swift; sourceTree = "<group>"; };
		CE103A9626AF038D00064D42 /* PremiumView.swift */ = {isa = PBXFileReference; lastKnownFileType = sourcecode.swift; path = PremiumView.swift; sourceTree = "<group>"; };
		CE10E02A2704984300F5BF52 /* MenuView.swift */ = {isa = PBXFileReference; lastKnownFileType = sourcecode.swift; path = MenuView.swift; sourceTree = "<group>"; };
		CE13C6D42710A1FA00DA888A /* RoomTableViewCell.swift */ = {isa = PBXFileReference; lastKnownFileType = sourcecode.swift; path = RoomTableViewCell.swift; sourceTree = "<group>"; };
		CE13C6DA2710A71A00DA888A /* SnackBar.swift */ = {isa = PBXFileReference; lastKnownFileType = sourcecode.swift; path = SnackBar.swift; sourceTree = "<group>"; };
		CE1BE5532765232000E0BE9C /* SettingsView.swift */ = {isa = PBXFileReference; lastKnownFileType = sourcecode.swift; path = SettingsView.swift; sourceTree = "<group>"; };
		CE3042CD27708ED90068EBC0 /* StartOnlineGameViewController.swift */ = {isa = PBXFileReference; lastKnownFileType = sourcecode.swift; path = StartOnlineGameViewController.swift; sourceTree = "<group>"; };
		CE3042CF2770E00B0068EBC0 /* ChessWebsocket.swift */ = {isa = PBXFileReference; lastKnownFileType = sourcecode.swift; path = ChessWebsocket.swift; sourceTree = "<group>"; };
		CE3042D42770F8960068EBC0 /* KeyboardLayoutConstraint.swift */ = {isa = PBXFileReference; fileEncoding = 4; lastKnownFileType = sourcecode.swift; path = KeyboardLayoutConstraint.swift; sourceTree = "<group>"; };
		CE3042DF27720D620068EBC0 /* EnjoymentView.swift */ = {isa = PBXFileReference; fileEncoding = 4; lastKnownFileType = sourcecode.swift; path = EnjoymentView.swift; sourceTree = "<group>"; };
		CE3042E127720E7E0068EBC0 /* EnjoymentView.xib */ = {isa = PBXFileReference; fileEncoding = 4; lastKnownFileType = file.xib; path = EnjoymentView.xib; sourceTree = "<group>"; };
		CE30D8C9269F8E170005B343 /* BoardScene.swift */ = {isa = PBXFileReference; lastKnownFileType = sourcecode.swift; path = BoardScene.swift; sourceTree = "<group>"; wrapsLines = 1; };
		CE5831F627073E4C00385F73 /* ChessAPIModels.swift */ = {isa = PBXFileReference; lastKnownFileType = sourcecode.swift; path = ChessAPIModels.swift; sourceTree = "<group>"; };
		CE5831F827073E8400385F73 /* ChessAPI.swift */ = {isa = PBXFileReference; lastKnownFileType = sourcecode.swift; path = ChessAPI.swift; sourceTree = "<group>"; };
		CE5F186026C5787300983603 /* PGNParser.swift */ = {isa = PBXFileReference; lastKnownFileType = sourcecode.swift; path = PGNParser.swift; sourceTree = "<group>"; };
		CE60B5F2276650BB00D719C8 /* BoardView.swift */ = {isa = PBXFileReference; lastKnownFileType = sourcecode.swift; path = BoardView.swift; sourceTree = "<group>"; };
		CE60B5F42766518F00D719C8 /* BoardControlsView.swift */ = {isa = PBXFileReference; lastKnownFileType = sourcecode.swift; path = BoardControlsView.swift; sourceTree = "<group>"; };
		CE60B5F6276749B500D719C8 /* Extensions.swift */ = {isa = PBXFileReference; lastKnownFileType = sourcecode.swift; path = Extensions.swift; sourceTree = "<group>"; };
		CE61EE8D26B0544200531FBF /* BuyButton.swift */ = {isa = PBXFileReference; lastKnownFileType = sourcecode.swift; path = BuyButton.swift; sourceTree = "<group>"; };
		CE77AD2427117AF500511326 /* WaitingViewController.swift */ = {isa = PBXFileReference; lastKnownFileType = sourcecode.swift; path = WaitingViewController.swift; sourceTree = "<group>"; };
		CE966AA3276255DE00965991 /* GameView.swift */ = {isa = PBXFileReference; lastKnownFileType = sourcecode.swift; path = GameView.swift; sourceTree = "<group>"; };
		CEA71E4A261A039E00FD02F5 /* Chess.app */ = {isa = PBXFileReference; explicitFileType = wrapper.application; includeInIndex = 0; path = Chess.app; sourceTree = BUILT_PRODUCTS_DIR; };
		CEA71E4D261A039E00FD02F5 /* AppDelegate.swift */ = {isa = PBXFileReference; lastKnownFileType = sourcecode.swift; path = AppDelegate.swift; sourceTree = "<group>"; };
		CEA71E4F261A039F00FD02F5 /* BoardScene.sks */ = {isa = PBXFileReference; lastKnownFileType = file.sks; path = BoardScene.sks; sourceTree = "<group>"; };
		CEA71E55261A039F00FD02F5 /* GameViewController.swift */ = {isa = PBXFileReference; lastKnownFileType = sourcecode.swift; path = GameViewController.swift; sourceTree = "<group>"; };
		CEA71E58261A039F00FD02F5 /* Base */ = {isa = PBXFileReference; lastKnownFileType = file.storyboard; name = Base; path = Base.lproj/Main.storyboard; sourceTree = "<group>"; };
		CEA71E5A261A03A000FD02F5 /* Assets.xcassets */ = {isa = PBXFileReference; lastKnownFileType = folder.assetcatalog; path = Assets.xcassets; sourceTree = "<group>"; };
		CEA71E5C261A03A000FD02F5 /* Info.plist */ = {isa = PBXFileReference; lastKnownFileType = text.plist.xml; path = Info.plist; sourceTree = "<group>"; };
		CEA71E63261A06D300FD02F5 /* Launch Screen.storyboard */ = {isa = PBXFileReference; lastKnownFileType = file.storyboard; path = "Launch Screen.storyboard"; sourceTree = "<group>"; };
		CEA71E67261A36AF00FD02F5 /* ChessLogic.swift */ = {isa = PBXFileReference; lastKnownFileType = sourcecode.swift; path = ChessLogic.swift; sourceTree = "<group>"; };
		CEACA047270ADF8600364074 /* RoomsViewController.swift */ = {isa = PBXFileReference; lastKnownFileType = sourcecode.swift; path = RoomsViewController.swift; sourceTree = "<group>"; };
		CEAD174C261C495500F91647 /* ChessPiecePlace.wav */ = {isa = PBXFileReference; lastKnownFileType = audio.wav; path = ChessPiecePlace.wav; sourceTree = "<group>"; };
		CEAD1754261C4DD400F91647 /* CheckSound2.wav */ = {isa = PBXFileReference; lastKnownFileType = audio.wav; path = CheckSound2.wav; sourceTree = "<group>"; };
		CEAD1757261C4DD900F91647 /* CheckSound3.wav */ = {isa = PBXFileReference; lastKnownFileType = audio.wav; path = CheckSound3.wav; sourceTree = "<group>"; };
		CEAD175C261C7B7200F91647 /* knight.png */ = {isa = PBXFileReference; lastKnownFileType = image.png; path = knight.png; sourceTree = "<group>"; };
		CEBD758826B0843F0027FB09 /* StoreKit.framework */ = {isa = PBXFileReference; lastKnownFileType = wrapper.framework; name = StoreKit.framework; path = System/Library/Frameworks/StoreKit.framework; sourceTree = SDKROOT; };
		CEBD758B26B0849A0027FB09 /* StoreManager.swift */ = {isa = PBXFileReference; lastKnownFileType = sourcecode.swift; path = StoreManager.swift; sourceTree = "<group>"; };
		CEBD758D26B0DA180027FB09 /* FeatureListItem.swift */ = {isa = PBXFileReference; lastKnownFileType = sourcecode.swift; path = FeatureListItem.swift; sourceTree = "<group>"; };
		CEC7C30326B489D000BC50AA /* ClockSwitched.wav */ = {isa = PBXFileReference; lastKnownFileType = audio.wav; path = ClockSwitched.wav; sourceTree = "<group>"; };
		CED29C152705E032000F4518 /* MenuButton.swift */ = {isa = PBXFileReference; lastKnownFileType = sourcecode.swift; path = MenuButton.swift; sourceTree = "<group>"; };
		CEEFF16D269F14600011A674 /* ChessGame.swift */ = {isa = PBXFileReference; lastKnownFileType = sourcecode.swift; path = ChessGame.swift; sourceTree = "<group>"; };
		CEF02BE726DFE68000D86D11 /* CrashHistory.json */ = {isa = PBXFileReference; lastKnownFileType = text.json; path = CrashHistory.json; sourceTree = "<group>"; xcLanguageSpecificationIdentifier = xcode.lang.json; };
		CEF6D518269B892E0071B40A /* SceneDelegate.swift */ = {isa = PBXFileReference; lastKnownFileType = sourcecode.swift; path = SceneDelegate.swift; sourceTree = "<group>"; };
		CEFA6EA026AB338300DD6549 /* ChessLogicModels.swift */ = {isa = PBXFileReference; lastKnownFileType = sourcecode.swift; path = ChessLogicModels.swift; sourceTree = "<group>"; };
/* End PBXFileReference section */

/* Begin PBXFrameworksBuildPhase section */
		CEA71E47261A039E00FD02F5 /* Frameworks */ = {
			isa = PBXFrameworksBuildPhase;
			buildActionMask = 2147483647;
			files = (
				CEBD758426B06C200027FB09 /* SwiftyStoreKit in Frameworks */,
				CEBD758926B0843F0027FB09 /* StoreKit.framework in Frameworks */,
				CE13C6D82710A6F600DA888A /* SnackBar in Frameworks */,
				CE3042D32770E0420068EBC0 /* Starscream in Frameworks */,
				CE3042DE27720CE00068EBC0 /* SwiftMessages in Frameworks */,
			);
			runOnlyForDeploymentPostprocessing = 0;
		};
/* End PBXFrameworksBuildPhase section */

/* Begin PBXGroup section */
		CE103A9826AF0A7900064D42 /* PremiumView */ = {
			isa = PBXGroup;
			children = (
				CE103A9626AF038D00064D42 /* PremiumView.swift */,
				CE61EE8D26B0544200531FBF /* BuyButton.swift */,
				CEBD758D26B0DA180027FB09 /* FeatureListItem.swift */,
			);
			path = PremiumView;
			sourceTree = "<group>";
		};
		CE10E0292704982700F5BF52 /* Menu Screen */ = {
			isa = PBXGroup;
			children = (
				CE10E02A2704984300F5BF52 /* MenuView.swift */,
				CED29C152705E032000F4518 /* MenuButton.swift */,
			);
			path = "Menu Screen";
			sourceTree = "<group>";
		};
		CE13C6D32710A1E000DA888A /* Rooms */ = {
			isa = PBXGroup;
			children = (
				CEACA047270ADF8600364074 /* RoomsViewController.swift */,
				CE13C6D42710A1FA00DA888A /* RoomTableViewCell.swift */,
			);
			path = Rooms;
			sourceTree = "<group>";
		};
		CE13C6D92710A71000DA888A /* SnackBar */ = {
			isa = PBXGroup;
			children = (
				CE13C6DA2710A71A00DA888A /* SnackBar.swift */,
			);
			path = SnackBar;
			sourceTree = "<group>";
		};
		CE1BE552276522E100E0BE9C /* Settings Screen */ = {
			isa = PBXGroup;
			children = (
				CE1BE5532765232000E0BE9C /* SettingsView.swift */,
			);
			path = "Settings Screen";
			sourceTree = "<group>";
		};
		CE3042CB27708EAD0068EBC0 /* Old */ = {
			isa = PBXGroup;
			children = (
				CE13C6D32710A1E000DA888A /* Rooms */,
				CEACA045270ADF4600364074 /* SwiftUI */,
			);
			path = Old;
			sourceTree = "<group>";
		};
		CE3042CC27708EB50068EBC0 /* Online Game Type */ = {
			isa = PBXGroup;
			children = (
				CE3042CD27708ED90068EBC0 /* StartOnlineGameViewController.swift */,
				CE3042D42770F8960068EBC0 /* KeyboardLayoutConstraint.swift */,
			);
			path = "Online Game Type";
			sourceTree = "<group>";
		};
		CE5831F527073E3D00385F73 /* ChessAPI */ = {
			isa = PBXGroup;
			children = (
				CE5831F627073E4C00385F73 /* ChessAPIModels.swift */,
				CE5831F827073E8400385F73 /* ChessAPI.swift */,
				CE3042CF2770E00B0068EBC0 /* ChessWebsocket.swift */,
			);
			path = ChessAPI;
			sourceTree = "<group>";
		};
		CE5831FA27073F0D00385F73 /* Settings */ = {
			isa = PBXGroup;
			children = (
				CE09D48B2697544400EEBF01 /* SettingsViewController.swift */,
			);
			path = Settings;
			sourceTree = "<group>";
		};
		CE5831FC27073F2200385F73 /* Lifecycle */ = {
			isa = PBXGroup;
			children = (
				CEF6D518269B892E0071B40A /* SceneDelegate.swift */,
				CEA71E4D261A039E00FD02F5 /* AppDelegate.swift */,
			);
			path = Lifecycle;
			sourceTree = "<group>";
		};
		CE77AD2327117ABD00511326 /* Waiting */ = {
			isa = PBXGroup;
			children = (
				CE77AD2427117AF500511326 /* WaitingViewController.swift */,
			);
			path = Waiting;
			sourceTree = "<group>";
		};
		CE966AA2276255CA00965991 /* Board Screen */ = {
			isa = PBXGroup;
			children = (
				CE966AA3276255DE00965991 /* GameView.swift */,
				CE60B5F42766518F00D719C8 /* BoardControlsView.swift */,
				CE60B5F2276650BB00D719C8 /* BoardView.swift */,
			);
			path = "Board Screen";
			sourceTree = "<group>";
		};
		CEA71E41261A039E00FD02F5 = {
			isa = PBXGroup;
			children = (
				CEA71E4C261A039E00FD02F5 /* Chess */,
				CEA71E4B261A039E00FD02F5 /* Products */,
				CEBD758726B0843F0027FB09 /* Frameworks */,
			);
			sourceTree = "<group>";
		};
		CEA71E4B261A039E00FD02F5 /* Products */ = {
			isa = PBXGroup;
			children = (
				CEA71E4A261A039E00FD02F5 /* Chess.app */,
			);
			name = Products;
			sourceTree = "<group>";
		};
		CEA71E4C261A039E00FD02F5 /* Chess */ = {
			isa = PBXGroup;
			children = (
				CEAD175C261C7B7200F91647 /* knight.png */,
				CEAD174F261C495800F91647 /* SFX */,
				CEEFF169269DF9D30011A674 /* App */,
				CEA71E57261A039F00FD02F5 /* Main.storyboard */,
				CE3042E127720E7E0068EBC0 /* EnjoymentView.xib */,
				CEA71E63261A06D300FD02F5 /* Launch Screen.storyboard */,
				CEA71E5A261A03A000FD02F5 /* Assets.xcassets */,
				CEA71E5C261A03A000FD02F5 /* Info.plist */,
				CEF02BE726DFE68000D86D11 /* CrashHistory.json */,
			);
			path = Chess;
			sourceTree = "<group>";
		};
		CEACA045270ADF4600364074 /* SwiftUI */ = {
			isa = PBXGroup;
			children = (
				CE1BE552276522E100E0BE9C /* Settings Screen */,
				CE966AA2276255CA00965991 /* Board Screen */,
				CE10E0292704982700F5BF52 /* Menu Screen */,
				CE103A9826AF0A7900064D42 /* PremiumView */,
				CE60B5F6276749B500D719C8 /* Extensions.swift */,
			);
			path = SwiftUI;
			sourceTree = "<group>";
		};
		CEAD174F261C495800F91647 /* SFX */ = {
			isa = PBXGroup;
			children = (
				CEAD174C261C495500F91647 /* ChessPiecePlace.wav */,
				CEAD1754261C4DD400F91647 /* CheckSound2.wav */,
				CEAD1757261C4DD900F91647 /* CheckSound3.wav */,
				CEC7C30326B489D000BC50AA /* ClockSwitched.wav */,
			);
			path = SFX;
			sourceTree = "<group>";
		};
		CEBD758726B0843F0027FB09 /* Frameworks */ = {
			isa = PBXGroup;
			children = (
				CEBD758826B0843F0027FB09 /* StoreKit.framework */,
			);
			name = Frameworks;
			sourceTree = "<group>";
		};
		CEBD758A26B084870027FB09 /* iAP */ = {
			isa = PBXGroup;
			children = (
				CEBD758B26B0849A0027FB09 /* StoreManager.swift */,
			);
			path = iAP;
			sourceTree = "<group>";
		};
		CEEFF167269DF9BC0011A674 /* ChessLogic */ = {
			isa = PBXGroup;
			children = (
				CEFA6EA026AB338300DD6549 /* ChessLogicModels.swift */,
				CEA71E67261A36AF00FD02F5 /* ChessLogic.swift */,
				CE5F186026C5787300983603 /* PGNParser.swift */,
				CEEFF16D269F14600011A674 /* ChessGame.swift */,
			);
			path = ChessLogic;
			sourceTree = "<group>";
		};
		CEEFF168269DF9CC0011A674 /* Views */ = {
			isa = PBXGroup;
			children = (
				CE3042DF27720D620068EBC0 /* EnjoymentView.swift */,
				CE3042CC27708EB50068EBC0 /* Online Game Type */,
				CE77AD2327117ABD00511326 /* Waiting */,
				CE13C6D92710A71000DA888A /* SnackBar */,
				CEEFF16A269DF9E60011A674 /* Board */,
				CE5831FA27073F0D00385F73 /* Settings */,
				CE3042CB27708EAD0068EBC0 /* Old */,
			);
			path = Views;
			sourceTree = "<group>";
		};
		CEEFF169269DF9D30011A674 /* App */ = {
			isa = PBXGroup;
			children = (
				CE5831F527073E3D00385F73 /* ChessAPI */,
				CEBD758A26B084870027FB09 /* iAP */,
				CEEFF167269DF9BC0011A674 /* ChessLogic */,
				CE5831FC27073F2200385F73 /* Lifecycle */,
				CEEFF168269DF9CC0011A674 /* Views */,
			);
			path = App;
			sourceTree = "<group>";
		};
		CEEFF16A269DF9E60011A674 /* Board */ = {
			isa = PBXGroup;
			children = (
				CEA71E55261A039F00FD02F5 /* GameViewController.swift */,
				CEA71E4F261A039F00FD02F5 /* BoardScene.sks */,
				CE30D8C9269F8E170005B343 /* BoardScene.swift */,
			);
			path = Board;
			sourceTree = "<group>";
		};
/* End PBXGroup section */

/* Begin PBXNativeTarget section */
		CEA71E49261A039E00FD02F5 /* Chess */ = {
			isa = PBXNativeTarget;
			buildConfigurationList = CEA71E5F261A03A000FD02F5 /* Build configuration list for PBXNativeTarget "Chess" */;
			buildPhases = (
				CEA71E46261A039E00FD02F5 /* Sources */,
				CEA71E47261A039E00FD02F5 /* Frameworks */,
				CEA71E48261A039E00FD02F5 /* Resources */,
			);
			buildRules = (
			);
			dependencies = (
			);
			name = Chess;
			packageProductDependencies = (
				CEBD758326B06C200027FB09 /* SwiftyStoreKit */,
				CE13C6D72710A6F600DA888A /* SnackBar */,
				CE3042D22770E0420068EBC0 /* Starscream */,
				CE3042DD27720CE00068EBC0 /* SwiftMessages */,
			);
			productName = Chess;
			productReference = CEA71E4A261A039E00FD02F5 /* Chess.app */;
			productType = "com.apple.product-type.application";
		};
/* End PBXNativeTarget section */

/* Begin PBXProject section */
		CEA71E42261A039E00FD02F5 /* Project object */ = {
			isa = PBXProject;
			attributes = {
				LastSwiftUpdateCheck = 1240;
				LastUpgradeCheck = 1240;
				TargetAttributes = {
					CEA71E49261A039E00FD02F5 = {
						CreatedOnToolsVersion = 12.4;
					};
				};
			};
			buildConfigurationList = CEA71E45261A039E00FD02F5 /* Build configuration list for PBXProject "Chess" */;
			compatibilityVersion = "Xcode 9.3";
			developmentRegion = en;
			hasScannedForEncodings = 0;
			knownRegions = (
				en,
				Base,
			);
			mainGroup = CEA71E41261A039E00FD02F5;
			packageReferences = (
				CEBD758226B06C200027FB09 /* XCRemoteSwiftPackageReference "SwiftyStoreKit" */,
				CE13C6D62710A6F600DA888A /* XCRemoteSwiftPackageReference "SnackBar" */,
				CE3042D12770E0420068EBC0 /* XCRemoteSwiftPackageReference "Starscream" */,
				CE3042DC27720CE00068EBC0 /* XCRemoteSwiftPackageReference "SwiftMessages" */,
			);
			productRefGroup = CEA71E4B261A039E00FD02F5 /* Products */;
			projectDirPath = "";
			projectRoot = "";
			targets = (
				CEA71E49261A039E00FD02F5 /* Chess */,
			);
		};
/* End PBXProject section */

/* Begin PBXResourcesBuildPhase section */
		CEA71E48261A039E00FD02F5 /* Resources */ = {
			isa = PBXResourcesBuildPhase;
			buildActionMask = 2147483647;
			files = (
				CEA71E59261A039F00FD02F5 /* Main.storyboard in Resources */,
				CEC7C30426B489D000BC50AA /* ClockSwitched.wav in Resources */,
				CEAD175D261C7B7200F91647 /* knight.png in Resources */,
				CEA71E50261A039F00FD02F5 /* BoardScene.sks in Resources */,
				CEA71E5B261A03A000FD02F5 /* Assets.xcassets in Resources */,
				CEAD1755261C4DD400F91647 /* CheckSound2.wav in Resources */,
				CEA71E64261A06D300FD02F5 /* Launch Screen.storyboard in Resources */,
				CEF02BE826DFE68000D86D11 /* CrashHistory.json in Resources */,
				CEAD174D261C495500F91647 /* ChessPiecePlace.wav in Resources */,
				CE3042E227720E7E0068EBC0 /* EnjoymentView.xib in Resources */,
				CEAD1758261C4DD900F91647 /* CheckSound3.wav in Resources */,
			);
			runOnlyForDeploymentPostprocessing = 0;
		};
/* End PBXResourcesBuildPhase section */

/* Begin PBXSourcesBuildPhase section */
		CEA71E46261A039E00FD02F5 /* Sources */ = {
			isa = PBXSourcesBuildPhase;
			buildActionMask = 2147483647;
			files = (
				CEBD758E26B0DA180027FB09 /* FeatureListItem.swift in Sources */,
				CE60B5F7276749B500D719C8 /* Extensions.swift in Sources */,
				CE3042CE27708ED90068EBC0 /* StartOnlineGameViewController.swift in Sources */,
				CE5831F727073E4C00385F73 /* ChessAPIModels.swift in Sources */,
				CE3042D02770E00C0068EBC0 /* ChessWebsocket.swift in Sources */,
				CE966AA4276255DE00965991 /* GameView.swift in Sources */,
				CE13C6DB2710A71A00DA888A /* SnackBar.swift in Sources */,
				CEA71E56261A039F00FD02F5 /* GameViewController.swift in Sources */,
				CE60B5F52766518F00D719C8 /* BoardControlsView.swift in Sources */,
				CED29C162705E032000F4518 /* MenuButton.swift in Sources */,
				CEEFF16E269F14600011A674 /* ChessGame.swift in Sources */,
				CE60B5F3276650BB00D719C8 /* BoardView.swift in Sources */,
				CEA71E4E261A039E00FD02F5 /* AppDelegate.swift in Sources */,
				CE09D48C2697544400EEBF01 /* SettingsViewController.swift in Sources */,
				CE1BE5542765232000E0BE9C /* SettingsView.swift in Sources */,
				CE30D8CA269F8E170005B343 /* BoardScene.swift in Sources */,
				CE103A9726AF038D00064D42 /* PremiumView.swift in Sources */,
				CE10E02B2704984300F5BF52 /* MenuView.swift in Sources */,
				CE3042E027720D620068EBC0 /* EnjoymentView.swift in Sources */,
				CE5F186126C5787300983603 /* PGNParser.swift in Sources */,
				CEBD758C26B0849A0027FB09 /* StoreManager.swift in Sources */,
				CEFA6EA126AB338300DD6549 /* ChessLogicModels.swift in Sources */,
				CEACA048270ADF8600364074 /* RoomsViewController.swift in Sources */,
				CEA71E68261A36AF00FD02F5 /* ChessLogic.swift in Sources */,
				CE3042D52770F8970068EBC0 /* KeyboardLayoutConstraint.swift in Sources */,
				CE13C6D52710A1FA00DA888A /* RoomTableViewCell.swift in Sources */,
				CE77AD2527117AF500511326 /* WaitingViewController.swift in Sources */,
				CE61EE8E26B0544200531FBF /* BuyButton.swift in Sources */,
				CEF6D519269B892E0071B40A /* SceneDelegate.swift in Sources */,
				CE5831F927073E8400385F73 /* ChessAPI.swift in Sources */,
			);
			runOnlyForDeploymentPostprocessing = 0;
		};
/* End PBXSourcesBuildPhase section */

/* Begin PBXVariantGroup section */
		CEA71E57261A039F00FD02F5 /* Main.storyboard */ = {
			isa = PBXVariantGroup;
			children = (
				CEA71E58261A039F00FD02F5 /* Base */,
			);
			name = Main.storyboard;
			sourceTree = "<group>";
		};
/* End PBXVariantGroup section */

/* Begin XCBuildConfiguration section */
		CEA71E5D261A03A000FD02F5 /* Debug */ = {
			isa = XCBuildConfiguration;
			buildSettings = {
				ALWAYS_SEARCH_USER_PATHS = NO;
				CLANG_ANALYZER_NONNULL = YES;
				CLANG_ANALYZER_NUMBER_OBJECT_CONVERSION = YES_AGGRESSIVE;
				CLANG_CXX_LANGUAGE_STANDARD = "gnu++14";
				CLANG_CXX_LIBRARY = "libc++";
				CLANG_ENABLE_MODULES = YES;
				CLANG_ENABLE_OBJC_ARC = YES;
				CLANG_ENABLE_OBJC_WEAK = YES;
				CLANG_WARN_BLOCK_CAPTURE_AUTORELEASING = YES;
				CLANG_WARN_BOOL_CONVERSION = YES;
				CLANG_WARN_COMMA = YES;
				CLANG_WARN_CONSTANT_CONVERSION = YES;
				CLANG_WARN_DEPRECATED_OBJC_IMPLEMENTATIONS = YES;
				CLANG_WARN_DIRECT_OBJC_ISA_USAGE = YES_ERROR;
				CLANG_WARN_DOCUMENTATION_COMMENTS = YES;
				CLANG_WARN_EMPTY_BODY = YES;
				CLANG_WARN_ENUM_CONVERSION = YES;
				CLANG_WARN_INFINITE_RECURSION = YES;
				CLANG_WARN_INT_CONVERSION = YES;
				CLANG_WARN_NON_LITERAL_NULL_CONVERSION = YES;
				CLANG_WARN_OBJC_IMPLICIT_RETAIN_SELF = YES;
				CLANG_WARN_OBJC_LITERAL_CONVERSION = YES;
				CLANG_WARN_OBJC_ROOT_CLASS = YES_ERROR;
				CLANG_WARN_QUOTED_INCLUDE_IN_FRAMEWORK_HEADER = YES;
				CLANG_WARN_RANGE_LOOP_ANALYSIS = YES;
				CLANG_WARN_STRICT_PROTOTYPES = YES;
				CLANG_WARN_SUSPICIOUS_MOVE = YES;
				CLANG_WARN_UNGUARDED_AVAILABILITY = YES_AGGRESSIVE;
				CLANG_WARN_UNREACHABLE_CODE = YES;
				CLANG_WARN__DUPLICATE_METHOD_MATCH = YES;
				COPY_PHASE_STRIP = NO;
				DEBUG_INFORMATION_FORMAT = dwarf;
				ENABLE_STRICT_OBJC_MSGSEND = YES;
				ENABLE_TESTABILITY = YES;
				GCC_C_LANGUAGE_STANDARD = gnu11;
				GCC_DYNAMIC_NO_PIC = NO;
				GCC_NO_COMMON_BLOCKS = YES;
				GCC_OPTIMIZATION_LEVEL = 0;
				GCC_PREPROCESSOR_DEFINITIONS = (
					"DEBUG=1",
					"$(inherited)",
				);
				GCC_WARN_64_TO_32_BIT_CONVERSION = YES;
				GCC_WARN_ABOUT_RETURN_TYPE = YES_ERROR;
				GCC_WARN_UNDECLARED_SELECTOR = YES;
				GCC_WARN_UNINITIALIZED_AUTOS = YES_AGGRESSIVE;
				GCC_WARN_UNUSED_FUNCTION = YES;
				GCC_WARN_UNUSED_VARIABLE = YES;
				IPHONEOS_DEPLOYMENT_TARGET = 14.0;
				MTL_ENABLE_DEBUG_INFO = INCLUDE_SOURCE;
				MTL_FAST_MATH = YES;
				ONLY_ACTIVE_ARCH = YES;
				SDKROOT = iphoneos;
				SWIFT_ACTIVE_COMPILATION_CONDITIONS = DEBUG;
				SWIFT_OPTIMIZATION_LEVEL = "-Onone";
			};
			name = Debug;
		};
		CEA71E5E261A03A000FD02F5 /* Release */ = {
			isa = XCBuildConfiguration;
			buildSettings = {
				ALWAYS_SEARCH_USER_PATHS = NO;
				CLANG_ANALYZER_NONNULL = YES;
				CLANG_ANALYZER_NUMBER_OBJECT_CONVERSION = YES_AGGRESSIVE;
				CLANG_CXX_LANGUAGE_STANDARD = "gnu++14";
				CLANG_CXX_LIBRARY = "libc++";
				CLANG_ENABLE_MODULES = YES;
				CLANG_ENABLE_OBJC_ARC = YES;
				CLANG_ENABLE_OBJC_WEAK = YES;
				CLANG_WARN_BLOCK_CAPTURE_AUTORELEASING = YES;
				CLANG_WARN_BOOL_CONVERSION = YES;
				CLANG_WARN_COMMA = YES;
				CLANG_WARN_CONSTANT_CONVERSION = YES;
				CLANG_WARN_DEPRECATED_OBJC_IMPLEMENTATIONS = YES;
				CLANG_WARN_DIRECT_OBJC_ISA_USAGE = YES_ERROR;
				CLANG_WARN_DOCUMENTATION_COMMENTS = YES;
				CLANG_WARN_EMPTY_BODY = YES;
				CLANG_WARN_ENUM_CONVERSION = YES;
				CLANG_WARN_INFINITE_RECURSION = YES;
				CLANG_WARN_INT_CONVERSION = YES;
				CLANG_WARN_NON_LITERAL_NULL_CONVERSION = YES;
				CLANG_WARN_OBJC_IMPLICIT_RETAIN_SELF = YES;
				CLANG_WARN_OBJC_LITERAL_CONVERSION = YES;
				CLANG_WARN_OBJC_ROOT_CLASS = YES_ERROR;
				CLANG_WARN_QUOTED_INCLUDE_IN_FRAMEWORK_HEADER = YES;
				CLANG_WARN_RANGE_LOOP_ANALYSIS = YES;
				CLANG_WARN_STRICT_PROTOTYPES = YES;
				CLANG_WARN_SUSPICIOUS_MOVE = YES;
				CLANG_WARN_UNGUARDED_AVAILABILITY = YES_AGGRESSIVE;
				CLANG_WARN_UNREACHABLE_CODE = YES;
				CLANG_WARN__DUPLICATE_METHOD_MATCH = YES;
				COPY_PHASE_STRIP = NO;
				DEBUG_INFORMATION_FORMAT = "dwarf-with-dsym";
				ENABLE_NS_ASSERTIONS = NO;
				ENABLE_STRICT_OBJC_MSGSEND = YES;
				GCC_C_LANGUAGE_STANDARD = gnu11;
				GCC_NO_COMMON_BLOCKS = YES;
				GCC_WARN_64_TO_32_BIT_CONVERSION = YES;
				GCC_WARN_ABOUT_RETURN_TYPE = YES_ERROR;
				GCC_WARN_UNDECLARED_SELECTOR = YES;
				GCC_WARN_UNINITIALIZED_AUTOS = YES_AGGRESSIVE;
				GCC_WARN_UNUSED_FUNCTION = YES;
				GCC_WARN_UNUSED_VARIABLE = YES;
				IPHONEOS_DEPLOYMENT_TARGET = 14.0;
				MTL_ENABLE_DEBUG_INFO = NO;
				MTL_FAST_MATH = YES;
				SDKROOT = iphoneos;
				SWIFT_COMPILATION_MODE = wholemodule;
				SWIFT_OPTIMIZATION_LEVEL = "-O";
				VALIDATE_PRODUCT = YES;
			};
			name = Release;
		};
		CEA71E60261A03A000FD02F5 /* Debug */ = {
			isa = XCBuildConfiguration;
			buildSettings = {
				ASSETCATALOG_COMPILER_APPICON_NAME = AppIcon;
				ASSETCATALOG_COMPILER_GLOBAL_ACCENT_COLOR_NAME = AccentColor;
				CODE_SIGN_STYLE = Automatic;
				CURRENT_PROJECT_VERSION = 12;
				DEVELOPMENT_TEAM = 92S6JX27W2;
				INFOPLIST_FILE = Chess/Info.plist;
				IPHONEOS_DEPLOYMENT_TARGET = 14.0;
				LD_RUNPATH_SEARCH_PATHS = (
					"$(inherited)",
					"@executable_path/Frameworks",
				);
				MARKETING_VERSION = 2.4;
				OTHER_SWIFT_FLAGS = "-Xfrontend -debug-time-function-bodies";
				PRODUCT_BUNDLE_IDENTIFIER = io.github.exerhythm.Chess;
				PRODUCT_NAME = "$(TARGET_NAME)";
				SWIFT_VERSION = 5.0;
				TARGETED_DEVICE_FAMILY = "1,2";
			};
			name = Debug;
		};
		CEA71E61261A03A000FD02F5 /* Release */ = {
			isa = XCBuildConfiguration;
			buildSettings = {
				ASSETCATALOG_COMPILER_APPICON_NAME = AppIcon;
				ASSETCATALOG_COMPILER_GLOBAL_ACCENT_COLOR_NAME = AccentColor;
				CODE_SIGN_STYLE = Automatic;
				CURRENT_PROJECT_VERSION = 12;
				DEVELOPMENT_TEAM = 92S6JX27W2;
				INFOPLIST_FILE = Chess/Info.plist;
				IPHONEOS_DEPLOYMENT_TARGET = 14.0;
				LD_RUNPATH_SEARCH_PATHS = (
					"$(inherited)",
					"@executable_path/Frameworks",
				);
				MARKETING_VERSION = 2.4;
				OTHER_SWIFT_FLAGS = "-Xfrontend -debug-time-function-bodies";
				PRODUCT_BUNDLE_IDENTIFIER = io.github.exerhythm.Chess;
				PRODUCT_NAME = "$(TARGET_NAME)";
				SWIFT_VERSION = 5.0;
				TARGETED_DEVICE_FAMILY = "1,2";
			};
			name = Release;
		};
/* End XCBuildConfiguration section */

/* Begin XCConfigurationList section */
		CEA71E45261A039E00FD02F5 /* Build configuration list for PBXProject "Chess" */ = {
			isa = XCConfigurationList;
			buildConfigurations = (
				CEA71E5D261A03A000FD02F5 /* Debug */,
				CEA71E5E261A03A000FD02F5 /* Release */,
			);
			defaultConfigurationIsVisible = 0;
			defaultConfigurationName = Release;
		};
		CEA71E5F261A03A000FD02F5 /* Build configuration list for PBXNativeTarget "Chess" */ = {
			isa = XCConfigurationList;
			buildConfigurations = (
				CEA71E60261A03A000FD02F5 /* Debug */,
				CEA71E61261A03A000FD02F5 /* Release */,
			);
			defaultConfigurationIsVisible = 0;
			defaultConfigurationName = Release;
		};
/* End XCConfigurationList section */

/* Begin XCRemoteSwiftPackageReference section */
		CE13C6D62710A6F600DA888A /* XCRemoteSwiftPackageReference "SnackBar" */ = {
			isa = XCRemoteSwiftPackageReference;
			repositoryURL = "https://github.com/ahmedAlmasri/SnackBar.swift";
			requirement = {
				kind = upToNextMajorVersion;
				minimumVersion = 0.1.1;
			};
		};
		CE3042D12770E0420068EBC0 /* XCRemoteSwiftPackageReference "Starscream" */ = {
			isa = XCRemoteSwiftPackageReference;
			repositoryURL = "https://github.com/daltoniam/Starscream";
			requirement = {
				kind = upToNextMajorVersion;
				minimumVersion = 4.0.0;
			};
		};
		CE3042DC27720CE00068EBC0 /* XCRemoteSwiftPackageReference "SwiftMessages" */ = {
			isa = XCRemoteSwiftPackageReference;
			repositoryURL = "https://github.com/SwiftKickMobile/SwiftMessages";
			requirement = {
				kind = upToNextMajorVersion;
				minimumVersion = 9.0.0;
			};
		};
		CEBD758226B06C200027FB09 /* XCRemoteSwiftPackageReference "SwiftyStoreKit" */ = {
			isa = XCRemoteSwiftPackageReference;
			repositoryURL = "https://github.com/bizz84/SwiftyStoreKit.git";
			requirement = {
				kind = upToNextMajorVersion;
				minimumVersion = 0.16.3;
			};
		};
/* End XCRemoteSwiftPackageReference section */

/* Begin XCSwiftPackageProductDependency section */
		CE13C6D72710A6F600DA888A /* SnackBar */ = {
			isa = XCSwiftPackageProductDependency;
			package = CE13C6D62710A6F600DA888A /* XCRemoteSwiftPackageReference "SnackBar" */;
			productName = SnackBar;
		};
		CE3042D22770E0420068EBC0 /* Starscream */ = {
			isa = XCSwiftPackageProductDependency;
			package = CE3042D12770E0420068EBC0 /* XCRemoteSwiftPackageReference "Starscream" */;
			productName = Starscream;
		};
		CE3042DD27720CE00068EBC0 /* SwiftMessages */ = {
			isa = XCSwiftPackageProductDependency;
			package = CE3042DC27720CE00068EBC0 /* XCRemoteSwiftPackageReference "SwiftMessages" */;
			productName = SwiftMessages;
		};
		CEBD758326B06C200027FB09 /* SwiftyStoreKit */ = {
			isa = XCSwiftPackageProductDependency;
			package = CEBD758226B06C200027FB09 /* XCRemoteSwiftPackageReference "SwiftyStoreKit" */;
			productName = SwiftyStoreKit;
		};
/* End XCSwiftPackageProductDependency section */
	};
	rootObject = CEA71E42261A039E00FD02F5 /* Project object */;
}
